
Microsoft Visual Studio Solution File, Format Version 12.00
# Visual Studio 2013
VisualStudioVersion = 12.0.21005.1
MinimumVisualStudioVersion = 10.0.40219.1
Project("{8BC9CEB8-8B4A-11D0-8D11-00A0C91BC942}") = "LRU", "LRU\LRU.vcxproj", "{F03FFAB4-BA1B-4CC8-8879-9C3929150DE5}"
EndProject
Global
	GlobalSection(SolutionConfigurationPlatforms) = preSolution
		Debug|Win32 = Debug|Win32
		Release|Win32 = Release|Win32
	EndGlobalSection
	GlobalSection(ProjectConfigurationPlatforms) = postSolution
		{F03FFAB4-BA1B-4CC8-8879-9C3929150DE5}.Debug|Win32.ActiveCfg = Debug|Win32
		{F03FFAB4-BA1B-4CC8-8879-9C3929150DE5}.Debug|Win32.Build.0 = Debug|Win32
		{F03FFAB4-BA1B-4CC8-8879-9C3929150DE5}.Release|Win32.ActiveCfg = Release|Win32
		{F03FFAB4-BA1B-4CC8-8879-9C3929150DE5}.Release|Win32.Build.0 = Release|Win32
	EndGlobalSection
	GlobalSection(SolutionProperties) = preSolution
		HideSolutionNode = FALSE
	EndGlobalSection
EndGlobal
